
Microsoft Visual Studio Solution File, Format Version 12.00
# Visual Studio Version 16
VisualStudioVersion = 16.0.30011.22
MinimumVisualStudioVersion = 10.0.40219.1
Project("{8BC9CEB8-8B4A-11D0-8D11-00A0C91BC942}") = "Lab9", "Lab9.vcxproj", "{758E1A2D-7503-4A50-96B6-311E8C4AF58F}"
EndProject
Global
	GlobalSection(SolutionConfigurationPlatforms) = preSolution
		Debug|x64 = Debug|x64
		Debug|x86 = Debug|x86
		Release|x64 = Release|x64
		Release|x86 = Release|x86
	EndGlobalSection
	GlobalSection(ProjectConfigurationPlatforms) = postSolution
		{758E1A2D-7503-4A50-96B6-311E8C4AF58F}.Debug|x64.ActiveCfg = Debug|x64
		{758E1A2D-7503-4A50-96B6-311E8C4AF58F}.Debug|x64.Build.0 = Debug|x64
		{758E1A2D-7503-4A50-96B6-311E8C4AF58F}.Debug|x86.ActiveCfg = Debug|Win32
		{758E1A2D-7503-4A50-96B6-311E8C4AF58F}.Debug|x86.Build.0 = Debug|Win32
		{758E1A2D-7503-4A50-96B6-311E8C4AF58F}.Release|x64.ActiveCfg = Release|x64
		{758E1A2D-7503-4A50-96B6-311E8C4AF58F}.Release|x64.Build.0 = Release|x64
		{758E1A2D-7503-4A50-96B6-311E8C4AF58F}.Release|x86.ActiveCfg = Release|Win32
		{758E1A2D-7503-4A50-96B6-311E8C4AF58F}.Release|x86.Build.0 = Release|Win32
	EndGlobalSection
	GlobalSection(SolutionProperties) = preSolution
		HideSolutionNode = FALSE
	EndGlobalSection
	GlobalSection(ExtensibilityGlobals) = postSolution
		SolutionGuid = {7A6BEA0A-1340-4222-865C-E94EAADEB138}
	EndGlobalSection
EndGlobal
